
Microsoft Visual Studio Solution File, Format Version 12.00
# Visual Studio Version 17
VisualStudioVersion = 17.4.33403.182
MinimumVisualStudioVersion = 10.0.40219.1
Project("{2150E333-8FDC-42A3-9474-1A3956D46DE8}") = "src", "src", "{DCAA095E-2796-41FA-A1D0-1134E29309E7}"
EndProject
Project("{2150E333-8FDC-42A3-9474-1A3956D46DE8}") = "tests", "tests", "{06861454-9561-492A-9F93-A33B6F7AE3AB}"
EndProject
Project("{2150E333-8FDC-42A3-9474-1A3956D46DE8}") = "unit", "unit", "{C778E127-C02C-4A37-8E85-3D86DCC063DC}"
EndProject
Project("{2150E333-8FDC-42A3-9474-1A3956D46DE8}") = "acceptance", "acceptance", "{93EBAE55-A8BA-40FF-93AA-7D9E4359B6B9}"
EndProject
Project("{9A19103F-16F7-4668-BE54-9A1E7A4F7556}") = "Assignment3", "src\Assignment3\Assignment3.csproj", "{BE567376-1355-4F26-8A21-84DB0EA11D66}"
EndProject
Project("{2150E333-8FDC-42A3-9474-1A3956D46DE8}") = "Assignment5", "Assignment5", "{79FB60B4-60AC-469F-A0B4-9CEF685681A9}"
EndProject
Project("{2150E333-8FDC-42A3-9474-1A3956D46DE8}") = "Assignment7", "Assignment7", "{284F244C-B877-429C-B026-FE41079F3283}"
EndProject
Project("{9A19103F-16F7-4668-BE54-9A1E7A4F7556}") = "MemoryOptimization", "src\Assignment7\MemoryOptimization.csproj", "{CE2B3E8C-B3F3-4656-817A-5E12AD554C17}"
EndProject
Project("{2150E333-8FDC-42A3-9474-1A3956D46DE8}") = "Assignment10", "Assignment10", "{E9E493E9-66F4-48ED-967A-094298138DFF}"
EndProject
Project("{FAE04EC0-301F-11D3-BF4B-00C04F79EFBC}") = "ErrorHandling", "src\Assignment10\ErrorHandling\ErrorHandling.csproj", "{143B80AE-DDDD-456B-845C-C2F16D90E679}"
EndProject
Project("{2150E333-8FDC-42A3-9474-1A3956D46DE8}") = "Assignment8", "Assignment8", "{C2F85F34-606D-4168-AF8F-5B9C0E399CEE}"
EndProject
Project("{9A19103F-16F7-4668-BE54-9A1E7A4F7556}") = "ValueAndReferenceType", "src\Assignment8\MemoryManagement\ValueAndReferenceType.csproj", "{81183D0F-6A2E-48C9-8E82-FE2BA7E56069}"
EndProject
Project("{9A19103F-16F7-4668-BE54-9A1E7A4F7556}") = "GarbageCollection", "src\Assignment8\GarbageCollection\GarbageCollection.csproj", "{418BBF89-450E-462E-B5ED-5F7DFBE09CB9}"
EndProject
Project("{FAE04EC0-301F-11D3-BF4B-00C04F79EFBC}") = "IDisposableDemo", "src\Assignment8\IDisposableDemo\IDisposableDemo.csproj", "{2F4600E2-BCB6-49D8-82E3-80816413C0C3}"
EndProject
Project("{2150E333-8FDC-42A3-9474-1A3956D46DE8}") = "Assignment9", "Assignment9", "{35B2BEA8-3CD0-436D-A30A-46B39F9572F5}"
EndProject
Project("{FAE04EC0-301F-11D3-BF4B-00C04F79EFBC}") = "Debugging", "src\Assignment9\Debugging\Debugging.csproj", "{EF38F80F-8892-4ABF-BD3C-257BE904FA70}"
EndProject
Project("{9A19103F-16F7-4668-BE54-9A1E7A4F7556}") = "task5.MathApp", "src\Assignment5\MathApp\task5.MathApp.csproj", "{4982FF53-D9BA-44E7-8995-FBA4031F0A32}"
EndProject
Project("{9A19103F-16F7-4668-BE54-9A1E7A4F7556}") = "task5.ValidatorsApp", "src\Assignment5\ValidationApp\task5.ValidatorsApp.csproj", "{A94278AD-292E-412E-808B-8277EC632525}"
EndProject
Project("{9A19103F-16F7-4668-BE54-9A1E7A4F7556}") = "task5.GreetingApp", "src\Assignment5\GreetingApp\task5.GreetingApp.csproj", "{3A0073DF-43D0-4743-8CD6-AEEC703D3B66}"
EndProject
Project("{9A19103F-16F7-4668-BE54-9A1E7A4F7556}") = "task5.DisplayApp", "src\Assignment5\DisplayApp\task5.DisplayApp.csproj", "{CD92DABC-628D-46D3-A3A4-852A862B93FA}"
EndProject
Project("{9A19103F-16F7-4668-BE54-9A1E7A4F7556}") = "task5.UtilityApp", "src\Assignment5\UtilityApp\task5.UtilityApp.csproj", "{DDADB78B-B479-4528-8697-5B26D2F00F03}"
EndProject
Project("{2150E333-8FDC-42A3-9474-1A3956D46DE8}") = "Assignment1", "Assignment1", "{2842CA39-6292-4538-A5C7-0149E5B62377}"
EndProject
Project("{9A19103F-16F7-4668-BE54-9A1E7A4F7556}") = "ConsoleAppCalculator", "src\Assignment1\ConsoleAppCalculator\ConsoleAppCalculator.csproj", "{90F11B7A-1E31-4DF6-8DBA-CC2483E2FDC2}"
EndProject
Project("{2150E333-8FDC-42A3-9474-1A3956D46DE8}") = "Assignment2", "Assignment2", "{D9A0A9BB-78C4-4C33-9AE2-AB6E695D2674}"
EndProject
Project("{9A19103F-16F7-4668-BE54-9A1E7A4F7556}") = "ContactManagerApp", "src\Assignment2\ConsoleContactAppManager\ContactManagerApp.csproj", "{8A9DB8ED-4355-4193-9ACA-1251D401D57A}"
EndProject
Project("{2150E333-8FDC-42A3-9474-1A3956D46DE8}") = "Assignment6", "Assignment6", "{DAA3C570-83EA-45A8-B90D-70F6C440E626}"
EndProject
Project("{9A19103F-16F7-4668-BE54-9A1E7A4F7556}") = "Bankingsystem", "src\Assignment6\Bankingsystem\Bankingsystem.csproj", "{16A9567A-4771-4EB0-8CA4-5B6667D13C06}"
EndProject
Project("{9A19103F-16F7-4668-BE54-9A1E7A4F7556}") = "EmployeeHierarchy", "src\Assignment6\EmployeeHierarchy\EmployeeHierarchy.csproj", "{FD42A2E4-CE80-4410-B49C-439B2F3F2509}"
EndProject
Project("{9A19103F-16F7-4668-BE54-9A1E7A4F7556}") = "ShapeHierarchy", "src\Assignment6\ShapeHierarchy\ShapeHierarchy.csproj", "{774E7355-0647-42AC-B6B4-710399DCDBF8}"
EndProject
Project("{2150E333-8FDC-42A3-9474-1A3956D46DE8}") = "Assignment11", "Assignment11", "{4AD01215-13F8-4560-BC7C-3DCF8878C566}"
EndProject
Project("{9A19103F-16F7-4668-BE54-9A1E7A4F7556}") = "CalculationService", "src\Assingment11\AutomatedTesting\CalculationService.csproj", "{9AA586BB-6C94-4280-87C1-6089B7069A6C}"
	ProjectSection(ProjectDependencies) = postProject
		{5D598879-2373-4ECC-B424-4785ACC5750B} = {5D598879-2373-4ECC-B424-4785ACC5750B}
	EndProjectSection
EndProject
Project("{9A19103F-16F7-4668-BE54-9A1E7A4F7556}") = "ValidatorforInputs", "src\ValidatorforInputs\ValidatorforInputs.csproj", "{5D598879-2373-4ECC-B424-4785ACC5750B}"
EndProject
Project("{2150E333-8FDC-42A3-9474-1A3956D46DE8}") = "Assignment11Tests", "Assignment11Tests", "{C4CD3557-D1E2-41A6-A05A-6A663F204DCC}"
EndProject
Project("{FAE04EC0-301F-11D3-BF4B-00C04F79EFBC}") = "CalculatorServiceTests", "tests\unit\Assignment11Tests\CalculatorServiceTests\CalculatorServiceTests.csproj", "{5E9A6E41-9A89-4BC1-9B9B-A5217955E2CA}"
EndProject
Project("{FAE04EC0-301F-11D3-BF4B-00C04F79EFBC}") = "BuyerServiceTests", "tests\unit\Assignment11Tests\BuyerServiceTests\BuyerServiceTests.csproj", "{B6AC4E14-1D25-419C-AA82-54798F518F91}"
EndProject
Project("{FAE04EC0-301F-11D3-BF4B-00C04F79EFBC}") = "SellerServiceTests", "tests\unit\Assignment11Tests\SellerServiceTests\SellerServiceTests.csproj", "{8F539E05-5D67-4529-954C-793C07D0C8BA}"
EndProject
Project("{2150E333-8FDC-42A3-9474-1A3956D46DE8}") = "Assignment12", "Assignment12", "{B1042C12-E0FE-4888-A0DA-650EF73AAF2E}"
EndProject
Project("{9A19103F-16F7-4668-BE54-9A1E7A4F7556}") = "CollectionAndGenerics", "src\Assignment12\CollectionAndGenerics\CollectionAndGenerics.csproj", "{295FFB0A-3421-424F-B07C-9D753314C9F0}"
EndProject
Project("{2150E333-8FDC-42A3-9474-1A3956D46DE8}") = "Assignment12Tests", "Assignment12Tests", "{2993D038-8478-4CB2-B799-CDF1985F93FB}"
EndProject
Project("{9A19103F-16F7-4668-BE54-9A1E7A4F7556}") = "SumCalculatorTests", "tests\unit\Assignment12Tests\CollectionAndGenericsTests\SumCalculatorTests.csproj", "{48A98EFC-A754-4922-AF02-964CD2544941}"
EndProject
Project("{FAE04EC0-301F-11D3-BF4B-00C04F79EFBC}") = "GenericListTests", "tests\unit\Assignment12Tests\GenericListTests\GenericListTests.csproj", "{7C21CCFA-48D3-499E-AF33-26811902F863}"
EndProject
Project("{FAE04EC0-301F-11D3-BF4B-00C04F79EFBC}") = "GenericQueueTests", "tests\unit\Assignment12Tests\GenericQueueTests\GenericQueueTests.csproj", "{6E2433F8-7466-455A-B390-71A46B46EF42}"
EndProject
Project("{FAE04EC0-301F-11D3-BF4B-00C04F79EFBC}") = "GenericStackTests", "tests\unit\Assignment12Tests\GenericStackTests\GenericStackTests.csproj", "{CE7D0412-9243-42A3-8D6D-069FBDB57299}"
EndProject
Project("{FAE04EC0-301F-11D3-BF4B-00C04F79EFBC}") = "GenericDictionaryTests", "tests\unit\Assignment12Tests\GenericDictionaryTests\GenericDictionaryTests.csproj", "{DA53F2D1-0CE5-49B3-8757-2DE04BEB415C}"
EndProject
Global
	GlobalSection(SolutionConfigurationPlatforms) = preSolution
		Debug|Any CPU = Debug|Any CPU
		Release|Any CPU = Release|Any CPU
	EndGlobalSection
	GlobalSection(ProjectConfigurationPlatforms) = postSolution
		{BE567376-1355-4F26-8A21-84DB0EA11D66}.Debug|Any CPU.ActiveCfg = Debug|Any CPU
		{BE567376-1355-4F26-8A21-84DB0EA11D66}.Debug|Any CPU.Build.0 = Debug|Any CPU
		{BE567376-1355-4F26-8A21-84DB0EA11D66}.Release|Any CPU.ActiveCfg = Release|Any CPU
		{BE567376-1355-4F26-8A21-84DB0EA11D66}.Release|Any CPU.Build.0 = Release|Any CPU
		{CE2B3E8C-B3F3-4656-817A-5E12AD554C17}.Debug|Any CPU.ActiveCfg = Debug|Any CPU
		{CE2B3E8C-B3F3-4656-817A-5E12AD554C17}.Debug|Any CPU.Build.0 = Debug|Any CPU
		{CE2B3E8C-B3F3-4656-817A-5E12AD554C17}.Release|Any CPU.ActiveCfg = Release|Any CPU
		{CE2B3E8C-B3F3-4656-817A-5E12AD554C17}.Release|Any CPU.Build.0 = Release|Any CPU
		{EF38F80F-8892-4ABF-BD3C-257BE904FA70}.Debug|Any CPU.ActiveCfg = Debug|Any CPU
		{EF38F80F-8892-4ABF-BD3C-257BE904FA70}.Debug|Any CPU.Build.0 = Debug|Any CPU
		{EF38F80F-8892-4ABF-BD3C-257BE904FA70}.Release|Any CPU.ActiveCfg = Release|Any CPU
		{EF38F80F-8892-4ABF-BD3C-257BE904FA70}.Release|Any CPU.Build.0 = Release|Any CPU
		{EF38F80F-8892-4ABF-BD3C-257BE904FA70}.Debug|Any CPU.ActiveCfg = Debug|Any CPU
		{EF38F80F-8892-4ABF-BD3C-257BE904FA70}.Debug|Any CPU.Build.0 = Debug|Any CPU
		{EF38F80F-8892-4ABF-BD3C-257BE904FA70}.Release|Any CPU.ActiveCfg = Release|Any CPU
		{EF38F80F-8892-4ABF-BD3C-257BE904FA70}.Release|Any CPU.Build.0 = Release|Any CPU
		{143B80AE-DDDD-456B-845C-C2F16D90E679}.Debug|Any CPU.ActiveCfg = Debug|Any CPU
		{143B80AE-DDDD-456B-845C-C2F16D90E679}.Debug|Any CPU.Build.0 = Debug|Any CPU
		{143B80AE-DDDD-456B-845C-C2F16D90E679}.Release|Any CPU.ActiveCfg = Release|Any CPU
		{143B80AE-DDDD-456B-845C-C2F16D90E679}.Release|Any CPU.Build.0 = Release|Any CPU
		{4982FF53-D9BA-44E7-8995-FBA4031F0A32}.Debug|Any CPU.ActiveCfg = Debug|Any CPU
		{4982FF53-D9BA-44E7-8995-FBA4031F0A32}.Debug|Any CPU.Build.0 = Debug|Any CPU
		{4982FF53-D9BA-44E7-8995-FBA4031F0A32}.Release|Any CPU.ActiveCfg = Release|Any CPU
		{4982FF53-D9BA-44E7-8995-FBA4031F0A32}.Release|Any CPU.Build.0 = Release|Any CPU
		{A94278AD-292E-412E-808B-8277EC632525}.Debug|Any CPU.ActiveCfg = Debug|Any CPU
		{A94278AD-292E-412E-808B-8277EC632525}.Debug|Any CPU.Build.0 = Debug|Any CPU
		{A94278AD-292E-412E-808B-8277EC632525}.Release|Any CPU.ActiveCfg = Release|Any CPU
		{A94278AD-292E-412E-808B-8277EC632525}.Release|Any CPU.Build.0 = Release|Any CPU
		{3A0073DF-43D0-4743-8CD6-AEEC703D3B66}.Debug|Any CPU.ActiveCfg = Debug|Any CPU
		{3A0073DF-43D0-4743-8CD6-AEEC703D3B66}.Debug|Any CPU.Build.0 = Debug|Any CPU
		{3A0073DF-43D0-4743-8CD6-AEEC703D3B66}.Release|Any CPU.ActiveCfg = Release|Any CPU
		{3A0073DF-43D0-4743-8CD6-AEEC703D3B66}.Release|Any CPU.Build.0 = Release|Any CPU
		{CD92DABC-628D-46D3-A3A4-852A862B93FA}.Debug|Any CPU.ActiveCfg = Debug|Any CPU
		{CD92DABC-628D-46D3-A3A4-852A862B93FA}.Debug|Any CPU.Build.0 = Debug|Any CPU
		{CD92DABC-628D-46D3-A3A4-852A862B93FA}.Release|Any CPU.ActiveCfg = Release|Any CPU
		{CD92DABC-628D-46D3-A3A4-852A862B93FA}.Release|Any CPU.Build.0 = Release|Any CPU
		{DDADB78B-B479-4528-8697-5B26D2F00F03}.Debug|Any CPU.ActiveCfg = Debug|Any CPU
		{DDADB78B-B479-4528-8697-5B26D2F00F03}.Debug|Any CPU.Build.0 = Debug|Any CPU
		{DDADB78B-B479-4528-8697-5B26D2F00F03}.Release|Any CPU.ActiveCfg = Release|Any CPU
		{DDADB78B-B479-4528-8697-5B26D2F00F03}.Release|Any CPU.Build.0 = Release|Any CPU
		{90F11B7A-1E31-4DF6-8DBA-CC2483E2FDC2}.Debug|Any CPU.ActiveCfg = Debug|Any CPU
		{90F11B7A-1E31-4DF6-8DBA-CC2483E2FDC2}.Debug|Any CPU.Build.0 = Debug|Any CPU
		{90F11B7A-1E31-4DF6-8DBA-CC2483E2FDC2}.Release|Any CPU.ActiveCfg = Release|Any CPU
		{90F11B7A-1E31-4DF6-8DBA-CC2483E2FDC2}.Release|Any CPU.Build.0 = Release|Any CPU
		{8A9DB8ED-4355-4193-9ACA-1251D401D57A}.Debug|Any CPU.ActiveCfg = Debug|Any CPU
		{8A9DB8ED-4355-4193-9ACA-1251D401D57A}.Debug|Any CPU.Build.0 = Debug|Any CPU
		{8A9DB8ED-4355-4193-9ACA-1251D401D57A}.Release|Any CPU.ActiveCfg = Release|Any CPU
		{8A9DB8ED-4355-4193-9ACA-1251D401D57A}.Release|Any CPU.Build.0 = Release|Any CPU
		{9AA586BB-6C94-4280-87C1-6089B7069A6C}.Debug|Any CPU.ActiveCfg = Debug|Any CPU
		{9AA586BB-6C94-4280-87C1-6089B7069A6C}.Debug|Any CPU.Build.0 = Debug|Any CPU
		{9AA586BB-6C94-4280-87C1-6089B7069A6C}.Release|Any CPU.ActiveCfg = Release|Any CPU
		{9AA586BB-6C94-4280-87C1-6089B7069A6C}.Release|Any CPU.Build.0 = Release|Any CPU
		{5D598879-2373-4ECC-B424-4785ACC5750B}.Debug|Any CPU.ActiveCfg = Debug|Any CPU
		{5D598879-2373-4ECC-B424-4785ACC5750B}.Debug|Any CPU.Build.0 = Debug|Any CPU
		{5D598879-2373-4ECC-B424-4785ACC5750B}.Release|Any CPU.ActiveCfg = Release|Any CPU
		{5D598879-2373-4ECC-B424-4785ACC5750B}.Release|Any CPU.Build.0 = Release|Any CPU
		{5E9A6E41-9A89-4BC1-9B9B-A5217955E2CA}.Debug|Any CPU.ActiveCfg = Debug|Any CPU
		{5E9A6E41-9A89-4BC1-9B9B-A5217955E2CA}.Debug|Any CPU.Build.0 = Debug|Any CPU
		{5E9A6E41-9A89-4BC1-9B9B-A5217955E2CA}.Release|Any CPU.ActiveCfg = Release|Any CPU
		{5E9A6E41-9A89-4BC1-9B9B-A5217955E2CA}.Release|Any CPU.Build.0 = Release|Any CPU
		{B6AC4E14-1D25-419C-AA82-54798F518F91}.Debug|Any CPU.ActiveCfg = Debug|Any CPU
		{B6AC4E14-1D25-419C-AA82-54798F518F91}.Debug|Any CPU.Build.0 = Debug|Any CPU
		{B6AC4E14-1D25-419C-AA82-54798F518F91}.Release|Any CPU.ActiveCfg = Release|Any CPU
		{B6AC4E14-1D25-419C-AA82-54798F518F91}.Release|Any CPU.Build.0 = Release|Any CPU
		{8F539E05-5D67-4529-954C-793C07D0C8BA}.Debug|Any CPU.ActiveCfg = Debug|Any CPU
		{8F539E05-5D67-4529-954C-793C07D0C8BA}.Debug|Any CPU.Build.0 = Debug|Any CPU
		{8F539E05-5D67-4529-954C-793C07D0C8BA}.Release|Any CPU.ActiveCfg = Release|Any CPU
		{8F539E05-5D67-4529-954C-793C07D0C8BA}.Release|Any CPU.Build.0 = Release|Any CPU
		{16A9567A-4771-4EB0-8CA4-5B6667D13C06}.Debug|Any CPU.ActiveCfg = Debug|Any CPU
		{16A9567A-4771-4EB0-8CA4-5B6667D13C06}.Debug|Any CPU.Build.0 = Debug|Any CPU
		{16A9567A-4771-4EB0-8CA4-5B6667D13C06}.Release|Any CPU.ActiveCfg = Release|Any CPU
		{16A9567A-4771-4EB0-8CA4-5B6667D13C06}.Release|Any CPU.Build.0 = Release|Any CPU
		{FD42A2E4-CE80-4410-B49C-439B2F3F2509}.Debug|Any CPU.ActiveCfg = Debug|Any CPU
		{FD42A2E4-CE80-4410-B49C-439B2F3F2509}.Debug|Any CPU.Build.0 = Debug|Any CPU
		{FD42A2E4-CE80-4410-B49C-439B2F3F2509}.Release|Any CPU.ActiveCfg = Release|Any CPU
		{FD42A2E4-CE80-4410-B49C-439B2F3F2509}.Release|Any CPU.Build.0 = Release|Any CPU
		{774E7355-0647-42AC-B6B4-710399DCDBF8}.Debug|Any CPU.ActiveCfg = Debug|Any CPU
		{774E7355-0647-42AC-B6B4-710399DCDBF8}.Debug|Any CPU.Build.0 = Debug|Any CPU
		{774E7355-0647-42AC-B6B4-710399DCDBF8}.Release|Any CPU.ActiveCfg = Release|Any CPU
		{774E7355-0647-42AC-B6B4-710399DCDBF8}.Release|Any CPU.Build.0 = Release|Any CPU
		{81183D0F-6A2E-48C9-8E82-FE2BA7E56069}.Debug|Any CPU.ActiveCfg = Debug|Any CPU
		{81183D0F-6A2E-48C9-8E82-FE2BA7E56069}.Debug|Any CPU.Build.0 = Debug|Any CPU
		{81183D0F-6A2E-48C9-8E82-FE2BA7E56069}.Release|Any CPU.ActiveCfg = Release|Any CPU
		{81183D0F-6A2E-48C9-8E82-FE2BA7E56069}.Release|Any CPU.Build.0 = Release|Any CPU
		{418BBF89-450E-462E-B5ED-5F7DFBE09CB9}.Debug|Any CPU.ActiveCfg = Debug|Any CPU
		{418BBF89-450E-462E-B5ED-5F7DFBE09CB9}.Debug|Any CPU.Build.0 = Debug|Any CPU
		{418BBF89-450E-462E-B5ED-5F7DFBE09CB9}.Release|Any CPU.ActiveCfg = Release|Any CPU
		{418BBF89-450E-462E-B5ED-5F7DFBE09CB9}.Release|Any CPU.Build.0 = Release|Any CPU
		{2F4600E2-BCB6-49D8-82E3-80816413C0C3}.Debug|Any CPU.ActiveCfg = Debug|Any CPU
		{2F4600E2-BCB6-49D8-82E3-80816413C0C3}.Debug|Any CPU.Build.0 = Debug|Any CPU
		{2F4600E2-BCB6-49D8-82E3-80816413C0C3}.Release|Any CPU.ActiveCfg = Release|Any CPU
		{2F4600E2-BCB6-49D8-82E3-80816413C0C3}.Release|Any CPU.Build.0 = Release|Any CPU
		{295FFB0A-3421-424F-B07C-9D753314C9F0}.Debug|Any CPU.ActiveCfg = Debug|Any CPU
		{295FFB0A-3421-424F-B07C-9D753314C9F0}.Debug|Any CPU.Build.0 = Debug|Any CPU
		{295FFB0A-3421-424F-B07C-9D753314C9F0}.Release|Any CPU.ActiveCfg = Release|Any CPU
		{295FFB0A-3421-424F-B07C-9D753314C9F0}.Release|Any CPU.Build.0 = Release|Any CPU
		{48A98EFC-A754-4922-AF02-964CD2544941}.Debug|Any CPU.ActiveCfg = Debug|Any CPU
		{48A98EFC-A754-4922-AF02-964CD2544941}.Debug|Any CPU.Build.0 = Debug|Any CPU
		{48A98EFC-A754-4922-AF02-964CD2544941}.Release|Any CPU.ActiveCfg = Release|Any CPU
		{48A98EFC-A754-4922-AF02-964CD2544941}.Release|Any CPU.Build.0 = Release|Any CPU
		{7C21CCFA-48D3-499E-AF33-26811902F863}.Debug|Any CPU.ActiveCfg = Debug|Any CPU
		{7C21CCFA-48D3-499E-AF33-26811902F863}.Debug|Any CPU.Build.0 = Debug|Any CPU
		{7C21CCFA-48D3-499E-AF33-26811902F863}.Release|Any CPU.ActiveCfg = Release|Any CPU
		{7C21CCFA-48D3-499E-AF33-26811902F863}.Release|Any CPU.Build.0 = Release|Any CPU
		{6E2433F8-7466-455A-B390-71A46B46EF42}.Debug|Any CPU.ActiveCfg = Debug|Any CPU
		{6E2433F8-7466-455A-B390-71A46B46EF42}.Debug|Any CPU.Build.0 = Debug|Any CPU
		{6E2433F8-7466-455A-B390-71A46B46EF42}.Release|Any CPU.ActiveCfg = Release|Any CPU
		{6E2433F8-7466-455A-B390-71A46B46EF42}.Release|Any CPU.Build.0 = Release|Any CPU
		{CE7D0412-9243-42A3-8D6D-069FBDB57299}.Debug|Any CPU.ActiveCfg = Debug|Any CPU
		{CE7D0412-9243-42A3-8D6D-069FBDB57299}.Debug|Any CPU.Build.0 = Debug|Any CPU
		{CE7D0412-9243-42A3-8D6D-069FBDB57299}.Release|Any CPU.ActiveCfg = Release|Any CPU
		{CE7D0412-9243-42A3-8D6D-069FBDB57299}.Release|Any CPU.Build.0 = Release|Any CPU
		{DA53F2D1-0CE5-49B3-8757-2DE04BEB415C}.Debug|Any CPU.ActiveCfg = Debug|Any CPU
		{DA53F2D1-0CE5-49B3-8757-2DE04BEB415C}.Debug|Any CPU.Build.0 = Debug|Any CPU
		{DA53F2D1-0CE5-49B3-8757-2DE04BEB415C}.Release|Any CPU.ActiveCfg = Release|Any CPU
		{DA53F2D1-0CE5-49B3-8757-2DE04BEB415C}.Release|Any CPU.Build.0 = Release|Any CPU
	EndGlobalSection
	GlobalSection(SolutionProperties) = preSolution
		HideSolutionNode = FALSE
	EndGlobalSection
	GlobalSection(NestedProjects) = preSolution
		{C778E127-C02C-4A37-8E85-3D86DCC063DC} = {06861454-9561-492A-9F93-A33B6F7AE3AB}
		{93EBAE55-A8BA-40FF-93AA-7D9E4359B6B9} = {06861454-9561-492A-9F93-A33B6F7AE3AB}
		{BE567376-1355-4F26-8A21-84DB0EA11D66} = {DCAA095E-2796-41FA-A1D0-1134E29309E7}
		{284F244C-B877-429C-B026-FE41079F3283} = {DCAA095E-2796-41FA-A1D0-1134E29309E7}
		{CE2B3E8C-B3F3-4656-817A-5E12AD554C17} = {284F244C-B877-429C-B026-FE41079F3283}		
		{35B2BEA8-3CD0-436D-A30A-46B39F9572F5} = {DCAA095E-2796-41FA-A1D0-1134E29309E7}
		{EF38F80F-8892-4ABF-BD3C-257BE904FA70} = {35B2BEA8-3CD0-436D-A30A-46B39F9572F5}
		{35B2BEA8-3CD0-436D-A30A-46B39F9572F5} = {DCAA095E-2796-41FA-A1D0-1134E29309E7}
		{EF38F80F-8892-4ABF-BD3C-257BE904FA70} = {35B2BEA8-3CD0-436D-A30A-46B39F9572F5}
		{E9E493E9-66F4-48ED-967A-094298138DFF} = {DCAA095E-2796-41FA-A1D0-1134E29309E7}
		{143B80AE-DDDD-456B-845C-C2F16D90E679} = {E9E493E9-66F4-48ED-967A-094298138DFF}
		{79FB60B4-60AC-469F-A0B4-9CEF685681A9} = {DCAA095E-2796-41FA-A1D0-1134E29309E7}
		{4982FF53-D9BA-44E7-8995-FBA4031F0A32} = {79FB60B4-60AC-469F-A0B4-9CEF685681A9}
		{A94278AD-292E-412E-808B-8277EC632525} = {79FB60B4-60AC-469F-A0B4-9CEF685681A9}
		{3A0073DF-43D0-4743-8CD6-AEEC703D3B66} = {79FB60B4-60AC-469F-A0B4-9CEF685681A9}
		{CD92DABC-628D-46D3-A3A4-852A862B93FA} = {79FB60B4-60AC-469F-A0B4-9CEF685681A9}
		{DDADB78B-B479-4528-8697-5B26D2F00F03} = {79FB60B4-60AC-469F-A0B4-9CEF685681A9}
		{2842CA39-6292-4538-A5C7-0149E5B62377} = {DCAA095E-2796-41FA-A1D0-1134E29309E7}
		{90F11B7A-1E31-4DF6-8DBA-CC2483E2FDC2} = {2842CA39-6292-4538-A5C7-0149E5B62377}
		{D9A0A9BB-78C4-4C33-9AE2-AB6E695D2674} = {DCAA095E-2796-41FA-A1D0-1134E29309E7}
		{8A9DB8ED-4355-4193-9ACA-1251D401D57A} = {D9A0A9BB-78C4-4C33-9AE2-AB6E695D2674}
		{4AD01215-13F8-4560-BC7C-3DCF8878C566} = {DCAA095E-2796-41FA-A1D0-1134E29309E7}
		{9AA586BB-6C94-4280-87C1-6089B7069A6C} = {4AD01215-13F8-4560-BC7C-3DCF8878C566}
		{5D598879-2373-4ECC-B424-4785ACC5750B} = {4AD01215-13F8-4560-BC7C-3DCF8878C566}
		{C4CD3557-D1E2-41A6-A05A-6A663F204DCC} = {C778E127-C02C-4A37-8E85-3D86DCC063DC}
		{5E9A6E41-9A89-4BC1-9B9B-A5217955E2CA} = {C4CD3557-D1E2-41A6-A05A-6A663F204DCC}
		{B6AC4E14-1D25-419C-AA82-54798F518F91} = {C4CD3557-D1E2-41A6-A05A-6A663F204DCC}
		{8F539E05-5D67-4529-954C-793C07D0C8BA} = {C4CD3557-D1E2-41A6-A05A-6A663F204DCC}
		{DAA3C570-83EA-45A8-B90D-70F6C440E626} = {DCAA095E-2796-41FA-A1D0-1134E29309E7}
		{16A9567A-4771-4EB0-8CA4-5B6667D13C06} = {DAA3C570-83EA-45A8-B90D-70F6C440E626}
		{FD42A2E4-CE80-4410-B49C-439B2F3F2509} = {DAA3C570-83EA-45A8-B90D-70F6C440E626}
		{774E7355-0647-42AC-B6B4-710399DCDBF8} = {DAA3C570-83EA-45A8-B90D-70F6C440E626}
		{C2F85F34-606D-4168-AF8F-5B9C0E399CEE} = {DCAA095E-2796-41FA-A1D0-1134E29309E7}
		{81183D0F-6A2E-48C9-8E82-FE2BA7E56069} = {C2F85F34-606D-4168-AF8F-5B9C0E399CEE}
		{418BBF89-450E-462E-B5ED-5F7DFBE09CB9} = {C2F85F34-606D-4168-AF8F-5B9C0E399CEE}
		{2F4600E2-BCB6-49D8-82E3-80816413C0C3} = {C2F85F34-606D-4168-AF8F-5B9C0E399CEE}
		{B1042C12-E0FE-4888-A0DA-650EF73AAF2E} = {DCAA095E-2796-41FA-A1D0-1134E29309E7}
		{295FFB0A-3421-424F-B07C-9D753314C9F0} = {B1042C12-E0FE-4888-A0DA-650EF73AAF2E}
		{2993D038-8478-4CB2-B799-CDF1985F93FB} = {C778E127-C02C-4A37-8E85-3D86DCC063DC}
		{48A98EFC-A754-4922-AF02-964CD2544941} = {2993D038-8478-4CB2-B799-CDF1985F93FB}
		{7C21CCFA-48D3-499E-AF33-26811902F863} = {2993D038-8478-4CB2-B799-CDF1985F93FB}
		{6E2433F8-7466-455A-B390-71A46B46EF42} = {2993D038-8478-4CB2-B799-CDF1985F93FB}
		{CE7D0412-9243-42A3-8D6D-069FBDB57299} = {2993D038-8478-4CB2-B799-CDF1985F93FB}
		{DA53F2D1-0CE5-49B3-8757-2DE04BEB415C} = {2993D038-8478-4CB2-B799-CDF1985F93FB}
	EndGlobalSection
	GlobalSection(ExtensibilityGlobals) = postSolution
		SolutionGuid = {D4CECB66-8E11-49D9-AA1E-464EE0231450}
	EndGlobalSection
EndGlobal
