
Microsoft Visual Studio Solution File, Format Version 12.00
# Visual Studio Version 17
VisualStudioVersion = 17.4.33403.182
MinimumVisualStudioVersion = 10.0.40219.1
Project("{2150E333-8FDC-42A3-9474-1A3956D46DE8}") = "src", "src", "{DCAA095E-2796-41FA-A1D0-1134E29309E7}"
EndProject
Project("{2150E333-8FDC-42A3-9474-1A3956D46DE8}") = "tests", "tests", "{06861454-9561-492A-9F93-A33B6F7AE3AB}"
EndProject
Project("{2150E333-8FDC-42A3-9474-1A3956D46DE8}") = "unit", "unit", "{C778E127-C02C-4A37-8E85-3D86DCC063DC}"
EndProject
Project("{2150E333-8FDC-42A3-9474-1A3956D46DE8}") = "acceptance", "acceptance", "{93EBAE55-A8BA-40FF-93AA-7D9E4359B6B9}"
EndProject
Project("{9A19103F-16F7-4668-BE54-9A1E7A4F7556}") = "ConsoleAppCalculator", "src\ConsoleAppCalculator\ConsoleAppCalculator.csproj", "{7EA17DFC-BBDA-4FED-8FC8-5AFEF383C90A}"
EndProject
Project("{9A19103F-16F7-4668-BE54-9A1E7A4F7556}") = "Assignment3", "src\Assignment3\Assignment3.csproj", "{BE567376-1355-4F26-8A21-84DB0EA11D66}"
EndProject
Project("{9A19103F-16F7-4668-BE54-9A1E7A4F7556}") = "ContactManagerApp", "src\ConsoleContactAppManager\ContactManagerApp.csproj", "{3DD8942A-C09A-4411-A208-F008E8CBEFE8}"
EndProject
Project("{2150E333-8FDC-42A3-9474-1A3956D46DE8}") = "Assignment5", "Assignment5", "{79FB60B4-60AC-469F-A0B4-9CEF685681A9}"
EndProject
Project("{9A19103F-16F7-4668-BE54-9A1E7A4F7556}") = "task5.DisplayApp", "src\Assignment5\task5DisplayApp\task5.DisplayApp.csproj", "{7DFA2367-EDBF-4FD1-AE1A-B68B3D65DE31}"
EndProject
Project("{9A19103F-16F7-4668-BE54-9A1E7A4F7556}") = "task5.GreetingApp", "src\Assignment5\task5GreetingApp\task5.GreetingApp.csproj", "{5615F702-73B6-446F-B083-D952AB2BC047}"
	ProjectSection(ProjectDependencies) = postProject
		{4982FF53-D9BA-44E7-8995-FBA4031F0A32} = {4982FF53-D9BA-44E7-8995-FBA4031F0A32}
	EndProjectSection
EndProject
Project("{9A19103F-16F7-4668-BE54-9A1E7A4F7556}") = "task5.MathApp", "src\Assignment5\MathApp\task5.MathApp.csproj", "{4982FF53-D9BA-44E7-8995-FBA4031F0A32}"
EndProject
Project("{9A19103F-16F7-4668-BE54-9A1E7A4F7556}") = "task5.UtilityApp", "src\Assignment5\task5UtilityApp\task5.UtilityApp.csproj", "{D4508291-5BBB-4D22-81D2-9101C2AB4D01}"
EndProject
Project("{9A19103F-16F7-4668-BE54-9A1E7A4F7556}") = "task5.ValidatorsApp", "src\Assignment5\ValidationApp\task5.ValidatorsApp.csproj", "{A94278AD-292E-412E-808B-8277EC632525}"
EndProject
Global
	GlobalSection(SolutionConfigurationPlatforms) = preSolution
		Debug|Any CPU = Debug|Any CPU
		Release|Any CPU = Release|Any CPU
	EndGlobalSection
	GlobalSection(ProjectConfigurationPlatforms) = postSolution
		{7EA17DFC-BBDA-4FED-8FC8-5AFEF383C90A}.Debug|Any CPU.ActiveCfg = Debug|Any CPU
		{7EA17DFC-BBDA-4FED-8FC8-5AFEF383C90A}.Debug|Any CPU.Build.0 = Debug|Any CPU
		{7EA17DFC-BBDA-4FED-8FC8-5AFEF383C90A}.Release|Any CPU.ActiveCfg = Release|Any CPU
		{7EA17DFC-BBDA-4FED-8FC8-5AFEF383C90A}.Release|Any CPU.Build.0 = Release|Any CPU
		{BE567376-1355-4F26-8A21-84DB0EA11D66}.Debug|Any CPU.ActiveCfg = Debug|Any CPU
		{BE567376-1355-4F26-8A21-84DB0EA11D66}.Debug|Any CPU.Build.0 = Debug|Any CPU
		{BE567376-1355-4F26-8A21-84DB0EA11D66}.Release|Any CPU.ActiveCfg = Release|Any CPU
		{BE567376-1355-4F26-8A21-84DB0EA11D66}.Release|Any CPU.Build.0 = Release|Any CPU
		{3DD8942A-C09A-4411-A208-F008E8CBEFE8}.Debug|Any CPU.ActiveCfg = Debug|Any CPU
		{3DD8942A-C09A-4411-A208-F008E8CBEFE8}.Debug|Any CPU.Build.0 = Debug|Any CPU
		{3DD8942A-C09A-4411-A208-F008E8CBEFE8}.Release|Any CPU.ActiveCfg = Release|Any CPU
		{3DD8942A-C09A-4411-A208-F008E8CBEFE8}.Release|Any CPU.Build.0 = Release|Any CPU
		{7DFA2367-EDBF-4FD1-AE1A-B68B3D65DE31}.Debug|Any CPU.ActiveCfg = Debug|Any CPU
		{7DFA2367-EDBF-4FD1-AE1A-B68B3D65DE31}.Debug|Any CPU.Build.0 = Debug|Any CPU
		{7DFA2367-EDBF-4FD1-AE1A-B68B3D65DE31}.Release|Any CPU.ActiveCfg = Release|Any CPU
		{7DFA2367-EDBF-4FD1-AE1A-B68B3D65DE31}.Release|Any CPU.Build.0 = Release|Any CPU
		{5615F702-73B6-446F-B083-D952AB2BC047}.Debug|Any CPU.ActiveCfg = Debug|Any CPU
		{5615F702-73B6-446F-B083-D952AB2BC047}.Debug|Any CPU.Build.0 = Debug|Any CPU
		{5615F702-73B6-446F-B083-D952AB2BC047}.Release|Any CPU.ActiveCfg = Release|Any CPU
		{5615F702-73B6-446F-B083-D952AB2BC047}.Release|Any CPU.Build.0 = Release|Any CPU
		{4982FF53-D9BA-44E7-8995-FBA4031F0A32}.Debug|Any CPU.ActiveCfg = Debug|Any CPU
		{4982FF53-D9BA-44E7-8995-FBA4031F0A32}.Debug|Any CPU.Build.0 = Debug|Any CPU
		{4982FF53-D9BA-44E7-8995-FBA4031F0A32}.Release|Any CPU.ActiveCfg = Release|Any CPU
		{4982FF53-D9BA-44E7-8995-FBA4031F0A32}.Release|Any CPU.Build.0 = Release|Any CPU
		{D4508291-5BBB-4D22-81D2-9101C2AB4D01}.Debug|Any CPU.ActiveCfg = Debug|Any CPU
		{D4508291-5BBB-4D22-81D2-9101C2AB4D01}.Debug|Any CPU.Build.0 = Debug|Any CPU
		{D4508291-5BBB-4D22-81D2-9101C2AB4D01}.Release|Any CPU.ActiveCfg = Release|Any CPU
		{D4508291-5BBB-4D22-81D2-9101C2AB4D01}.Release|Any CPU.Build.0 = Release|Any CPU
		{A94278AD-292E-412E-808B-8277EC632525}.Debug|Any CPU.ActiveCfg = Debug|Any CPU
		{A94278AD-292E-412E-808B-8277EC632525}.Debug|Any CPU.Build.0 = Debug|Any CPU
		{A94278AD-292E-412E-808B-8277EC632525}.Release|Any CPU.ActiveCfg = Release|Any CPU
		{A94278AD-292E-412E-808B-8277EC632525}.Release|Any CPU.Build.0 = Release|Any CPU
	EndGlobalSection
	GlobalSection(SolutionProperties) = preSolution
		HideSolutionNode = FALSE
	EndGlobalSection
	GlobalSection(NestedProjects) = preSolution
		{C778E127-C02C-4A37-8E85-3D86DCC063DC} = {06861454-9561-492A-9F93-A33B6F7AE3AB}
		{93EBAE55-A8BA-40FF-93AA-7D9E4359B6B9} = {06861454-9561-492A-9F93-A33B6F7AE3AB}
		{7EA17DFC-BBDA-4FED-8FC8-5AFEF383C90A} = {DCAA095E-2796-41FA-A1D0-1134E29309E7}
		{BE567376-1355-4F26-8A21-84DB0EA11D66} = {DCAA095E-2796-41FA-A1D0-1134E29309E7}
		{3DD8942A-C09A-4411-A208-F008E8CBEFE8} = {DCAA095E-2796-41FA-A1D0-1134E29309E7}
		{79FB60B4-60AC-469F-A0B4-9CEF685681A9} = {DCAA095E-2796-41FA-A1D0-1134E29309E7}
		{7DFA2367-EDBF-4FD1-AE1A-B68B3D65DE31} = {79FB60B4-60AC-469F-A0B4-9CEF685681A9}
		{5615F702-73B6-446F-B083-D952AB2BC047} = {79FB60B4-60AC-469F-A0B4-9CEF685681A9}
		{4982FF53-D9BA-44E7-8995-FBA4031F0A32} = {79FB60B4-60AC-469F-A0B4-9CEF685681A9}
		{D4508291-5BBB-4D22-81D2-9101C2AB4D01} = {79FB60B4-60AC-469F-A0B4-9CEF685681A9}
		{A94278AD-292E-412E-808B-8277EC632525} = {79FB60B4-60AC-469F-A0B4-9CEF685681A9}
	EndGlobalSection
	GlobalSection(ExtensibilityGlobals) = postSolution
		SolutionGuid = {D4CECB66-8E11-49D9-AA1E-464EE0231450}
	EndGlobalSection
EndGlobal
